
Microsoft Visual Studio Solution File, Format Version 12.00
# Visual Studio Version 16
VisualStudioVersion = 16.0.31205.134
MinimumVisualStudioVersion = 10.0.40219.1
Project("{FAE04EC0-301F-11D3-BF4B-00C04F79EFBC}") = "OmsiHook", "OmsiHook\OmsiHook.csproj", "{2E750CBE-F868-4AB7-96C2-27560F53E06B}"
EndProject
Project("{FAE04EC0-301F-11D3-BF4B-00C04F79EFBC}") = "OmsiExtensionsUI", "OmsiExtensionsUI\OmsiExtensionsUI.csproj", "{28DA0165-EAA7-4171-A065-319409682BD1}"
EndProject
Project("{FAE04EC0-301F-11D3-BF4B-00C04F79EFBC}") = "OmsiExtensionsCLI", "OmsiExtensionsCLI\OmsiExtensionsCLI.csproj", "{FDA9A525-9722-46D3-B80C-8D2A76ABCA2D}"
EndProject
Global
	GlobalSection(SolutionConfigurationPlatforms) = preSolution
		Debug|Any CPU = Debug|Any CPU
		Release|Any CPU = Release|Any CPU
	EndGlobalSection
	GlobalSection(ProjectConfigurationPlatforms) = postSolution
		{2E750CBE-F868-4AB7-96C2-27560F53E06B}.Debug|Any CPU.ActiveCfg = Debug|Any CPU
		{2E750CBE-F868-4AB7-96C2-27560F53E06B}.Debug|Any CPU.Build.0 = Debug|Any CPU
		{2E750CBE-F868-4AB7-96C2-27560F53E06B}.Release|Any CPU.ActiveCfg = Release|Any CPU
		{2E750CBE-F868-4AB7-96C2-27560F53E06B}.Release|Any CPU.Build.0 = Release|Any CPU
		{28DA0165-EAA7-4171-A065-319409682BD1}.Debug|Any CPU.ActiveCfg = Debug|Any CPU
		{28DA0165-EAA7-4171-A065-319409682BD1}.Debug|Any CPU.Build.0 = Debug|Any CPU
		{28DA0165-EAA7-4171-A065-319409682BD1}.Release|Any CPU.ActiveCfg = Release|Any CPU
		{28DA0165-EAA7-4171-A065-319409682BD1}.Release|Any CPU.Build.0 = Release|Any CPU
		{FDA9A525-9722-46D3-B80C-8D2A76ABCA2D}.Debug|Any CPU.ActiveCfg = Debug|Any CPU
		{FDA9A525-9722-46D3-B80C-8D2A76ABCA2D}.Debug|Any CPU.Build.0 = Debug|Any CPU
		{FDA9A525-9722-46D3-B80C-8D2A76ABCA2D}.Release|Any CPU.ActiveCfg = Release|Any CPU
		{FDA9A525-9722-46D3-B80C-8D2A76ABCA2D}.Release|Any CPU.Build.0 = Release|Any CPU
	EndGlobalSection
	GlobalSection(SolutionProperties) = preSolution
		HideSolutionNode = FALSE
	EndGlobalSection
	GlobalSection(ExtensibilityGlobals) = postSolution
		SolutionGuid = {A5F55305-C8FF-444C-9B98-FD487ADC583A}
	EndGlobalSection
EndGlobal
