
Microsoft Visual Studio Solution File, Format Version 12.00
# Visual Studio Version 17
VisualStudioVersion = 17.2.32602.215
MinimumVisualStudioVersion = 10.0.40219.1
Project("{9A19103F-16F7-4668-BE54-9A1E7A4F7556}") = "OmsiHook", "OmsiHook\OmsiHook.csproj", "{2E750CBE-F868-4AB7-96C2-27560F53E06B}"
EndProject
Project("{9A19103F-16F7-4668-BE54-9A1E7A4F7556}") = "OmsiExtensionsUI", "OmsiExtensionsUI\OmsiExtensionsUI.csproj", "{28DA0165-EAA7-4171-A065-319409682BD1}"
EndProject
Project("{9A19103F-16F7-4668-BE54-9A1E7A4F7556}") = "OmsiExtensionsCLI", "OmsiExtensionsCLI\OmsiExtensionsCLI.csproj", "{FDA9A525-9722-46D3-B80C-8D2A76ABCA2D}"
EndProject
Project("{9A19103F-16F7-4668-BE54-9A1E7A4F7556}") = "OmsiHookPlugin", "OmsiHookPlugin\OmsiHookPlugin.csproj", "{D5CA6EEA-D436-456E-BCA5-34C3DFD5BFC7}"
EndProject
Project("{8BC9CEB8-8B4A-11D0-8D11-00A0C91BC942}") = "OmsiHookInvoker", "OmsiHookInvoker\OmsiHookInvoker.vcxproj", "{CBCB99EF-DD1A-4D4D-A9A8-9BF251FDCD1B}"
EndProject
Project("{9A19103F-16F7-4668-BE54-9A1E7A4F7556}") = "OmsiHookRPCPlugin", "OmsiHookRPCPlugin\OmsiHookRPCPlugin.csproj", "{CDB17143-5653-48BE-AAC8-8419D5B4FD2C}"
	ProjectSection(ProjectDependencies) = postProject
		{CBCB99EF-DD1A-4D4D-A9A8-9BF251FDCD1B} = {CBCB99EF-DD1A-4D4D-A9A8-9BF251FDCD1B}
	EndProjectSection
EndProject
Project("{9A19103F-16F7-4668-BE54-9A1E7A4F7556}") = "Basic_CLI", "_OmsiHookExamples\Basic_CLI\Basic_CLI.csproj", "{BA833C68-E8BD-4C86-9555-85542DF02015}"
EndProject
Project("{FAE04EC0-301F-11D3-BF4B-00C04F79EFBC}") = "trigger_sample", "_OmsiHookExamples\trigger_sample\trigger_sample.csproj", "{8950E419-6895-46E4-8CBE-68E24844D644}"
EndProject
Global
	GlobalSection(SolutionConfigurationPlatforms) = preSolution
		Debug|Any CPU = Debug|Any CPU
		Debug|x64 = Debug|x64
		Debug|x86 = Debug|x86
		Release|Any CPU = Release|Any CPU
		Release|x64 = Release|x64
		Release|x86 = Release|x86
	EndGlobalSection
	GlobalSection(ProjectConfigurationPlatforms) = postSolution
		{2E750CBE-F868-4AB7-96C2-27560F53E06B}.Debug|Any CPU.ActiveCfg = Debug|x86
		{2E750CBE-F868-4AB7-96C2-27560F53E06B}.Debug|Any CPU.Build.0 = Debug|x86
		{2E750CBE-F868-4AB7-96C2-27560F53E06B}.Debug|x64.ActiveCfg = Debug|x86
		{2E750CBE-F868-4AB7-96C2-27560F53E06B}.Debug|x64.Build.0 = Debug|x86
		{2E750CBE-F868-4AB7-96C2-27560F53E06B}.Debug|x86.ActiveCfg = Debug|x86
		{2E750CBE-F868-4AB7-96C2-27560F53E06B}.Debug|x86.Build.0 = Debug|x86
		{2E750CBE-F868-4AB7-96C2-27560F53E06B}.Release|Any CPU.ActiveCfg = Release|x86
		{2E750CBE-F868-4AB7-96C2-27560F53E06B}.Release|Any CPU.Build.0 = Release|x86
		{2E750CBE-F868-4AB7-96C2-27560F53E06B}.Release|x64.ActiveCfg = Release|x86
		{2E750CBE-F868-4AB7-96C2-27560F53E06B}.Release|x86.ActiveCfg = Release|x86
		{2E750CBE-F868-4AB7-96C2-27560F53E06B}.Release|x86.Build.0 = Release|x86
		{28DA0165-EAA7-4171-A065-319409682BD1}.Debug|Any CPU.ActiveCfg = Debug|Any CPU
		{28DA0165-EAA7-4171-A065-319409682BD1}.Debug|Any CPU.Build.0 = Debug|Any CPU
		{28DA0165-EAA7-4171-A065-319409682BD1}.Debug|x64.ActiveCfg = Debug|Any CPU
		{28DA0165-EAA7-4171-A065-319409682BD1}.Debug|x64.Build.0 = Debug|Any CPU
		{28DA0165-EAA7-4171-A065-319409682BD1}.Debug|x86.ActiveCfg = Debug|Any CPU
		{28DA0165-EAA7-4171-A065-319409682BD1}.Debug|x86.Build.0 = Debug|Any CPU
		{28DA0165-EAA7-4171-A065-319409682BD1}.Release|Any CPU.ActiveCfg = Release|Any CPU
		{28DA0165-EAA7-4171-A065-319409682BD1}.Release|Any CPU.Build.0 = Release|Any CPU
		{28DA0165-EAA7-4171-A065-319409682BD1}.Release|x64.ActiveCfg = Release|Any CPU
		{28DA0165-EAA7-4171-A065-319409682BD1}.Release|x64.Build.0 = Release|Any CPU
		{28DA0165-EAA7-4171-A065-319409682BD1}.Release|x86.ActiveCfg = Release|Any CPU
		{FDA9A525-9722-46D3-B80C-8D2A76ABCA2D}.Debug|Any CPU.ActiveCfg = Debug|Any CPU
		{FDA9A525-9722-46D3-B80C-8D2A76ABCA2D}.Debug|Any CPU.Build.0 = Debug|Any CPU
		{FDA9A525-9722-46D3-B80C-8D2A76ABCA2D}.Debug|x64.ActiveCfg = Debug|Any CPU
		{FDA9A525-9722-46D3-B80C-8D2A76ABCA2D}.Debug|x64.Build.0 = Debug|Any CPU
		{FDA9A525-9722-46D3-B80C-8D2A76ABCA2D}.Debug|x86.ActiveCfg = Debug|Any CPU
		{FDA9A525-9722-46D3-B80C-8D2A76ABCA2D}.Debug|x86.Build.0 = Debug|Any CPU
		{FDA9A525-9722-46D3-B80C-8D2A76ABCA2D}.Release|Any CPU.ActiveCfg = Release|Any CPU
		{FDA9A525-9722-46D3-B80C-8D2A76ABCA2D}.Release|Any CPU.Build.0 = Release|Any CPU
		{FDA9A525-9722-46D3-B80C-8D2A76ABCA2D}.Release|x64.ActiveCfg = Release|Any CPU
		{FDA9A525-9722-46D3-B80C-8D2A76ABCA2D}.Release|x64.Build.0 = Release|Any CPU
		{FDA9A525-9722-46D3-B80C-8D2A76ABCA2D}.Release|x86.ActiveCfg = Release|Any CPU
		{D5CA6EEA-D436-456E-BCA5-34C3DFD5BFC7}.Debug|Any CPU.ActiveCfg = Debug|x86
		{D5CA6EEA-D436-456E-BCA5-34C3DFD5BFC7}.Debug|Any CPU.Build.0 = Debug|x86
		{D5CA6EEA-D436-456E-BCA5-34C3DFD5BFC7}.Debug|x64.ActiveCfg = Debug|x86
		{D5CA6EEA-D436-456E-BCA5-34C3DFD5BFC7}.Debug|x64.Build.0 = Debug|x86
		{D5CA6EEA-D436-456E-BCA5-34C3DFD5BFC7}.Debug|x86.ActiveCfg = Debug|x86
		{D5CA6EEA-D436-456E-BCA5-34C3DFD5BFC7}.Debug|x86.Build.0 = Debug|x86
		{D5CA6EEA-D436-456E-BCA5-34C3DFD5BFC7}.Release|Any CPU.ActiveCfg = Release|x86
		{D5CA6EEA-D436-456E-BCA5-34C3DFD5BFC7}.Release|Any CPU.Build.0 = Release|x86
		{D5CA6EEA-D436-456E-BCA5-34C3DFD5BFC7}.Release|x64.ActiveCfg = Release|x86
		{D5CA6EEA-D436-456E-BCA5-34C3DFD5BFC7}.Release|x86.ActiveCfg = Release|x86
		{D5CA6EEA-D436-456E-BCA5-34C3DFD5BFC7}.Release|x86.Build.0 = Release|x86
		{CBCB99EF-DD1A-4D4D-A9A8-9BF251FDCD1B}.Debug|Any CPU.ActiveCfg = Debug|Win32
		{CBCB99EF-DD1A-4D4D-A9A8-9BF251FDCD1B}.Debug|Any CPU.Build.0 = Debug|Win32
		{CBCB99EF-DD1A-4D4D-A9A8-9BF251FDCD1B}.Debug|x64.ActiveCfg = Debug|Win32
		{CBCB99EF-DD1A-4D4D-A9A8-9BF251FDCD1B}.Debug|x64.Build.0 = Debug|Win32
		{CBCB99EF-DD1A-4D4D-A9A8-9BF251FDCD1B}.Debug|x86.ActiveCfg = Debug|Win32
		{CBCB99EF-DD1A-4D4D-A9A8-9BF251FDCD1B}.Debug|x86.Build.0 = Debug|Win32
		{CBCB99EF-DD1A-4D4D-A9A8-9BF251FDCD1B}.Release|Any CPU.ActiveCfg = Release|Win32
		{CBCB99EF-DD1A-4D4D-A9A8-9BF251FDCD1B}.Release|Any CPU.Build.0 = Release|Win32
		{CBCB99EF-DD1A-4D4D-A9A8-9BF251FDCD1B}.Release|x64.ActiveCfg = Release|Win32
		{CBCB99EF-DD1A-4D4D-A9A8-9BF251FDCD1B}.Release|x86.ActiveCfg = Release|Win32
		{CBCB99EF-DD1A-4D4D-A9A8-9BF251FDCD1B}.Release|x86.Build.0 = Release|Win32
		{CDB17143-5653-48BE-AAC8-8419D5B4FD2C}.Debug|Any CPU.ActiveCfg = Debug|x86
		{CDB17143-5653-48BE-AAC8-8419D5B4FD2C}.Debug|Any CPU.Build.0 = Debug|x86
		{CDB17143-5653-48BE-AAC8-8419D5B4FD2C}.Debug|x64.ActiveCfg = Debug|x86
		{CDB17143-5653-48BE-AAC8-8419D5B4FD2C}.Debug|x64.Build.0 = Debug|x86
		{CDB17143-5653-48BE-AAC8-8419D5B4FD2C}.Debug|x86.ActiveCfg = Debug|x86
		{CDB17143-5653-48BE-AAC8-8419D5B4FD2C}.Debug|x86.Build.0 = Debug|x86
		{CDB17143-5653-48BE-AAC8-8419D5B4FD2C}.Release|Any CPU.ActiveCfg = Release|x86
		{CDB17143-5653-48BE-AAC8-8419D5B4FD2C}.Release|Any CPU.Build.0 = Release|x86
		{CDB17143-5653-48BE-AAC8-8419D5B4FD2C}.Release|x64.ActiveCfg = Release|x86
		{CDB17143-5653-48BE-AAC8-8419D5B4FD2C}.Release|x86.ActiveCfg = Release|x86
		{CDB17143-5653-48BE-AAC8-8419D5B4FD2C}.Release|x86.Build.0 = Release|x86
		{BA833C68-E8BD-4C86-9555-85542DF02015}.Debug|Any CPU.ActiveCfg = Debug|x86
		{BA833C68-E8BD-4C86-9555-85542DF02015}.Debug|Any CPU.Build.0 = Debug|x86
		{BA833C68-E8BD-4C86-9555-85542DF02015}.Debug|x64.ActiveCfg = Debug|x86
		{BA833C68-E8BD-4C86-9555-85542DF02015}.Debug|x64.Build.0 = Debug|x86
		{BA833C68-E8BD-4C86-9555-85542DF02015}.Debug|x86.ActiveCfg = Debug|x86
		{BA833C68-E8BD-4C86-9555-85542DF02015}.Debug|x86.Build.0 = Debug|x86
		{BA833C68-E8BD-4C86-9555-85542DF02015}.Release|Any CPU.ActiveCfg = Release|x86
		{BA833C68-E8BD-4C86-9555-85542DF02015}.Release|Any CPU.Build.0 = Release|x86
		{BA833C68-E8BD-4C86-9555-85542DF02015}.Release|x64.ActiveCfg = Release|x86
		{BA833C68-E8BD-4C86-9555-85542DF02015}.Release|x64.Build.0 = Release|x86
		{BA833C68-E8BD-4C86-9555-85542DF02015}.Release|x86.ActiveCfg = Release|x86
		{BA833C68-E8BD-4C86-9555-85542DF02015}.Release|x86.Build.0 = Release|x86
		{8950E419-6895-46E4-8CBE-68E24844D644}.Debug|Any CPU.ActiveCfg = Debug|Any CPU
		{8950E419-6895-46E4-8CBE-68E24844D644}.Debug|Any CPU.Build.0 = Debug|Any CPU
		{8950E419-6895-46E4-8CBE-68E24844D644}.Debug|x64.ActiveCfg = Debug|Any CPU
		{8950E419-6895-46E4-8CBE-68E24844D644}.Debug|x64.Build.0 = Debug|Any CPU
		{8950E419-6895-46E4-8CBE-68E24844D644}.Debug|x86.ActiveCfg = Debug|Any CPU
		{8950E419-6895-46E4-8CBE-68E24844D644}.Debug|x86.Build.0 = Debug|Any CPU
		{8950E419-6895-46E4-8CBE-68E24844D644}.Release|Any CPU.ActiveCfg = Release|Any CPU
		{8950E419-6895-46E4-8CBE-68E24844D644}.Release|Any CPU.Build.0 = Release|Any CPU
		{8950E419-6895-46E4-8CBE-68E24844D644}.Release|x64.ActiveCfg = Release|Any CPU
		{8950E419-6895-46E4-8CBE-68E24844D644}.Release|x64.Build.0 = Release|Any CPU
		{8950E419-6895-46E4-8CBE-68E24844D644}.Release|x86.ActiveCfg = Release|Any CPU
		{8950E419-6895-46E4-8CBE-68E24844D644}.Release|x86.Build.0 = Release|Any CPU
	EndGlobalSection
	GlobalSection(SolutionProperties) = preSolution
		HideSolutionNode = FALSE
	EndGlobalSection
	GlobalSection(ExtensibilityGlobals) = postSolution
		SolutionGuid = {A5F55305-C8FF-444C-9B98-FD487ADC583A}
	EndGlobalSection
EndGlobal
